// !$*UTF8*$!
{
	archiveVersion = 1;
	classes = {
	};
	objectVersion = 46;
	objects = {

/* Begin PBXBuildFile section */
		5808AFA11DA04886001AEA61 /* AppDelegate.swift in Sources */ = {isa = PBXBuildFile; fileRef = 5808AFA01DA04886001AEA61 /* AppDelegate.swift */; };
		5808AFA31DA04886001AEA61 /* ViewController.swift in Sources */ = {isa = PBXBuildFile; fileRef = 5808AFA21DA04886001AEA61 /* ViewController.swift */; };
		5808AFA61DA04886001AEA61 /* Main.storyboard in Resources */ = {isa = PBXBuildFile; fileRef = 5808AFA41DA04886001AEA61 /* Main.storyboard */; };
		5808AFA91DA04886001AEA61 /* showcase.xcdatamodeld in Sources */ = {isa = PBXBuildFile; fileRef = 5808AFA71DA04886001AEA61 /* showcase.xcdatamodeld */; };
		5808AFAB1DA04886001AEA61 /* Assets.xcassets in Resources */ = {isa = PBXBuildFile; fileRef = 5808AFAA1DA04886001AEA61 /* Assets.xcassets */; };
		5808AFAE1DA04886001AEA61 /* LaunchScreen.storyboard in Resources */ = {isa = PBXBuildFile; fileRef = 5808AFAC1DA04886001AEA61 /* LaunchScreen.storyboard */; };
		5808AFBE1DA048F5001AEA61 /* NotoSans-Bold.ttf in Resources */ = {isa = PBXBuildFile; fileRef = 5808AFBA1DA048F5001AEA61 /* NotoSans-Bold.ttf */; };
		5808AFBF1DA048F5001AEA61 /* NotoSans-BoldItalic.ttf in Resources */ = {isa = PBXBuildFile; fileRef = 5808AFBB1DA048F5001AEA61 /* NotoSans-BoldItalic.ttf */; };
		5808AFC01DA048F5001AEA61 /* NotoSans-Italic.ttf in Resources */ = {isa = PBXBuildFile; fileRef = 5808AFBC1DA048F5001AEA61 /* NotoSans-Italic.ttf */; };
		5808AFC11DA048F5001AEA61 /* NotoSans-Regular.ttf in Resources */ = {isa = PBXBuildFile; fileRef = 5808AFBD1DA048F5001AEA61 /* NotoSans-Regular.ttf */; };
		5827BE791DA1CF4B00D2B461 /* MaterialView.swift in Sources */ = {isa = PBXBuildFile; fileRef = 5827BE781DA1CF4B00D2B461 /* MaterialView.swift */; };
		5827BE7C1DA1CF9400D2B461 /* Constants.swift in Sources */ = {isa = PBXBuildFile; fileRef = 5827BE7B1DA1CF9400D2B461 /* Constants.swift */; };
		5827BE801DA1D35400D2B461 /* MaterialButton.swift in Sources */ = {isa = PBXBuildFile; fileRef = 5827BE7F1DA1D35400D2B461 /* MaterialButton.swift */; };
		5827BE821DA1D62D00D2B461 /* MaterialTextField.swift in Sources */ = {isa = PBXBuildFile; fileRef = 5827BE811DA1D62D00D2B461 /* MaterialTextField.swift */; };
/* End PBXBuildFile section */

/* Begin PBXFileReference section */
		5808AF9D1DA04886001AEA61 /* showcase.app */ = {isa = PBXFileReference; explicitFileType = wrapper.application; includeInIndex = 0; path = showcase.app; sourceTree = BUILT_PRODUCTS_DIR; };
		5808AFA01DA04886001AEA61 /* AppDelegate.swift */ = {isa = PBXFileReference; lastKnownFileType = sourcecode.swift; path = AppDelegate.swift; sourceTree = "<group>"; };
		5808AFA21DA04886001AEA61 /* ViewController.swift */ = {isa = PBXFileReference; lastKnownFileType = sourcecode.swift; path = ViewController.swift; sourceTree = "<group>"; };
		5808AFA51DA04886001AEA61 /* Base */ = {isa = PBXFileReference; lastKnownFileType = file.storyboard; name = Base; path = Base.lproj/Main.storyboard; sourceTree = "<group>"; };
		5808AFA81DA04886001AEA61 /* showcase.xcdatamodel */ = {isa = PBXFileReference; lastKnownFileType = wrapper.xcdatamodel; path = showcase.xcdatamodel; sourceTree = "<group>"; };
		5808AFAA1DA04886001AEA61 /* Assets.xcassets */ = {isa = PBXFileReference; lastKnownFileType = folder.assetcatalog; path = Assets.xcassets; sourceTree = "<group>"; };
		5808AFAD1DA04886001AEA61 /* Base */ = {isa = PBXFileReference; lastKnownFileType = file.storyboard; name = Base; path = Base.lproj/LaunchScreen.storyboard; sourceTree = "<group>"; };
		5808AFAF1DA04886001AEA61 /* Info.plist */ = {isa = PBXFileReference; lastKnownFileType = text.plist.xml; path = Info.plist; sourceTree = "<group>"; };
		5808AFBA1DA048F5001AEA61 /* NotoSans-Bold.ttf */ = {isa = PBXFileReference; lastKnownFileType = file; path = "NotoSans-Bold.ttf"; sourceTree = "<group>"; };
		5808AFBB1DA048F5001AEA61 /* NotoSans-BoldItalic.ttf */ = {isa = PBXFileReference; lastKnownFileType = file; path = "NotoSans-BoldItalic.ttf"; sourceTree = "<group>"; };
		5808AFBC1DA048F5001AEA61 /* NotoSans-Italic.ttf */ = {isa = PBXFileReference; lastKnownFileType = file; path = "NotoSans-Italic.ttf"; sourceTree = "<group>"; };
		5808AFBD1DA048F5001AEA61 /* NotoSans-Regular.ttf */ = {isa = PBXFileReference; lastKnownFileType = file; path = "NotoSans-Regular.ttf"; sourceTree = "<group>"; };
		5827BE781DA1CF4B00D2B461 /* MaterialView.swift */ = {isa = PBXFileReference; fileEncoding = 4; lastKnownFileType = sourcecode.swift; path = MaterialView.swift; sourceTree = "<group>"; };
		5827BE7B1DA1CF9400D2B461 /* Constants.swift */ = {isa = PBXFileReference; fileEncoding = 4; lastKnownFileType = sourcecode.swift; path = Constants.swift; sourceTree = "<group>"; };
		5827BE7F1DA1D35400D2B461 /* MaterialButton.swift */ = {isa = PBXFileReference; fileEncoding = 4; lastKnownFileType = sourcecode.swift; path = MaterialButton.swift; sourceTree = "<group>"; };
		5827BE811DA1D62D00D2B461 /* MaterialTextField.swift */ = {isa = PBXFileReference; fileEncoding = 4; lastKnownFileType = sourcecode.swift; path = MaterialTextField.swift; sourceTree = "<group>"; };
/* End PBXFileReference section */

/* Begin PBXFrameworksBuildPhase section */
		5808AF9A1DA04886001AEA61 /* Frameworks */ = {
			isa = PBXFrameworksBuildPhase;
			buildActionMask = 2147483647;
			files = (
			);
			runOnlyForDeploymentPostprocessing = 0;
		};
/* End PBXFrameworksBuildPhase section */

/* Begin PBXGroup section */
		5808AF941DA04886001AEA61 = {
			isa = PBXGroup;
			children = (
				5808AF9F1DA04886001AEA61 /* showcase */,
				5808AF9E1DA04886001AEA61 /* Products */,
			);
			sourceTree = "<group>";
		};
		5808AF9E1DA04886001AEA61 /* Products */ = {
			isa = PBXGroup;
			children = (
				5808AF9D1DA04886001AEA61 /* showcase.app */,
			);
			name = Products;
			sourceTree = "<group>";
		};
		5808AF9F1DA04886001AEA61 /* showcase */ = {
			isa = PBXGroup;
			children = (
				5827BE7A1DA1CF8800D2B461 /* Util */,
				5808AFB91DA048C2001AEA61 /* Resources */,
				5808AFB81DA048B3001AEA61 /* Model */,
				5808AFB61DA048A1001AEA61 /* View */,
				5808AFB51DA0489B001AEA61 /* Controller */,
				5808AFA01DA04886001AEA61 /* AppDelegate.swift */,
				5808AFAA1DA04886001AEA61 /* Assets.xcassets */,
				5808AFAF1DA04886001AEA61 /* Info.plist */,
				5808AFA71DA04886001AEA61 /* showcase.xcdatamodeld */,
			);
			path = showcase;
			sourceTree = "<group>";
		};
		5808AFB51DA0489B001AEA61 /* Controller */ = {
			isa = PBXGroup;
			children = (
				5808AFA21DA04886001AEA61 /* ViewController.swift */,
			);
			name = Controller;
			sourceTree = "<group>";
		};
		5808AFB61DA048A1001AEA61 /* View */ = {
			isa = PBXGroup;
			children = (
				5808AFA41DA04886001AEA61 /* Main.storyboard */,
				5808AFAC1DA04886001AEA61 /* LaunchScreen.storyboard */,
				5827BE781DA1CF4B00D2B461 /* MaterialView.swift */,
				5827BE7F1DA1D35400D2B461 /* MaterialButton.swift */,
				5827BE811DA1D62D00D2B461 /* MaterialTextField.swift */,
			);
			name = View;
			sourceTree = "<group>";
		};
		5808AFB81DA048B3001AEA61 /* Model */ = {
			isa = PBXGroup;
			children = (
			);
			name = Model;
			sourceTree = "<group>";
		};
		5808AFB91DA048C2001AEA61 /* Resources */ = {
			isa = PBXGroup;
			children = (
				5808AFBA1DA048F5001AEA61 /* NotoSans-Bold.ttf */,
				5808AFBB1DA048F5001AEA61 /* NotoSans-BoldItalic.ttf */,
				5808AFBC1DA048F5001AEA61 /* NotoSans-Italic.ttf */,
				5808AFBD1DA048F5001AEA61 /* NotoSans-Regular.ttf */,
			);
			name = Resources;
			sourceTree = "<group>";
		};
		5827BE7A1DA1CF8800D2B461 /* Util */ = {
			isa = PBXGroup;
			children = (
				5827BE7B1DA1CF9400D2B461 /* Constants.swift */,
			);
			name = Util;
			sourceTree = "<group>";
		};
/* End PBXGroup section */

/* Begin PBXNativeTarget section */
		5808AF9C1DA04886001AEA61 /* showcase */ = {
			isa = PBXNativeTarget;
			buildConfigurationList = 5808AFB21DA04886001AEA61 /* Build configuration list for PBXNativeTarget "showcase" */;
			buildPhases = (
				5808AF991DA04886001AEA61 /* Sources */,
				5808AF9A1DA04886001AEA61 /* Frameworks */,
				5808AF9B1DA04886001AEA61 /* Resources */,
			);
			buildRules = (
			);
			dependencies = (
			);
			name = showcase;
			productName = showcase;
			productReference = 5808AF9D1DA04886001AEA61 /* showcase.app */;
			productType = "com.apple.product-type.application";
		};
/* End PBXNativeTarget section */

/* Begin PBXProject section */
		5808AF951DA04886001AEA61 /* Project object */ = {
			isa = PBXProject;
			attributes = {
				LastSwiftUpdateCheck = 0800;
				LastUpgradeCheck = 0800;
				ORGANIZATIONNAME = RM;
				TargetAttributes = {
					5808AF9C1DA04886001AEA61 = {
						CreatedOnToolsVersion = 8.0;
						DevelopmentTeam = XD7G54ZSZ3;
						ProvisioningStyle = Automatic;
					};
				};
			};
			buildConfigurationList = 5808AF981DA04886001AEA61 /* Build configuration list for PBXProject "showcase" */;
			compatibilityVersion = "Xcode 3.2";
			developmentRegion = English;
			hasScannedForEncodings = 0;
			knownRegions = (
				en,
				Base,
			);
			mainGroup = 5808AF941DA04886001AEA61;
			productRefGroup = 5808AF9E1DA04886001AEA61 /* Products */;
			projectDirPath = "";
			projectRoot = "";
			targets = (
				5808AF9C1DA04886001AEA61 /* showcase */,
			);
		};
/* End PBXProject section */

/* Begin PBXResourcesBuildPhase section */
		5808AF9B1DA04886001AEA61 /* Resources */ = {
			isa = PBXResourcesBuildPhase;
			buildActionMask = 2147483647;
			files = (
				5808AFBE1DA048F5001AEA61 /* NotoSans-Bold.ttf in Resources */,
				5808AFAE1DA04886001AEA61 /* LaunchScreen.storyboard in Resources */,
				5808AFBF1DA048F5001AEA61 /* NotoSans-BoldItalic.ttf in Resources */,
				5808AFC01DA048F5001AEA61 /* NotoSans-Italic.ttf in Resources */,
				5808AFAB1DA04886001AEA61 /* Assets.xcassets in Resources */,
				5808AFA61DA04886001AEA61 /* Main.storyboard in Resources */,
				5808AFC11DA048F5001AEA61 /* NotoSans-Regular.ttf in Resources */,
			);
			runOnlyForDeploymentPostprocessing = 0;
		};
/* End PBXResourcesBuildPhase section */

/* Begin PBXSourcesBuildPhase section */
		5808AF991DA04886001AEA61 /* Sources */ = {
			isa = PBXSourcesBuildPhase;
			buildActionMask = 2147483647;
			files = (
				5827BE7C1DA1CF9400D2B461 /* Constants.swift in Sources */,
				5808AFA31DA04886001AEA61 /* ViewController.swift in Sources */,
				5827BE801DA1D35400D2B461 /* MaterialButton.swift in Sources */,
				5808AFA91DA04886001AEA61 /* showcase.xcdatamodeld in Sources */,
				5808AFA11DA04886001AEA61 /* AppDelegate.swift in Sources */,
				5827BE791DA1CF4B00D2B461 /* MaterialView.swift in Sources */,
				5827BE821DA1D62D00D2B461 /* MaterialTextField.swift in Sources */,
			);
			runOnlyForDeploymentPostprocessing = 0;
		};
/* End PBXSourcesBuildPhase section */

/* Begin PBXVariantGroup section */
		5808AFA41DA04886001AEA61 /* Main.storyboard */ = {
			isa = PBXVariantGroup;
			children = (
				5808AFA51DA04886001AEA61 /* Base */,
			);
			name = Main.storyboard;
			sourceTree = "<group>";
		};
		5808AFAC1DA04886001AEA61 /* LaunchScreen.storyboard */ = {
			isa = PBXVariantGroup;
			children = (
				5808AFAD1DA04886001AEA61 /* Base */,
			);
			name = LaunchScreen.storyboard;
			sourceTree = "<group>";
		};
/* End PBXVariantGroup section */

/* Begin XCBuildConfiguration section */
		5808AFB01DA04886001AEA61 /* Debug */ = {
			isa = XCBuildConfiguration;
			buildSettings = {
				ALWAYS_SEARCH_USER_PATHS = NO;
				CLANG_ANALYZER_NONNULL = YES;
				CLANG_CXX_LANGUAGE_STANDARD = "gnu++0x";
				CLANG_CXX_LIBRARY = "libc++";
				CLANG_ENABLE_MODULES = YES;
				CLANG_ENABLE_OBJC_ARC = YES;
				CLANG_WARN_BOOL_CONVERSION = YES;
				CLANG_WARN_CONSTANT_CONVERSION = YES;
				CLANG_WARN_DIRECT_OBJC_ISA_USAGE = YES_ERROR;
				CLANG_WARN_DOCUMENTATION_COMMENTS = YES;
				CLANG_WARN_EMPTY_BODY = YES;
				CLANG_WARN_ENUM_CONVERSION = YES;
				CLANG_WARN_INFINITE_RECURSION = YES;
				CLANG_WARN_INT_CONVERSION = YES;
				CLANG_WARN_OBJC_ROOT_CLASS = YES_ERROR;
				CLANG_WARN_SUSPICIOUS_MOVES = YES;
				CLANG_WARN_UNREACHABLE_CODE = YES;
				CLANG_WARN__DUPLICATE_METHOD_MATCH = YES;
				"CODE_SIGN_IDENTITY[sdk=iphoneos*]" = "iPhone Developer";
				COPY_PHASE_STRIP = NO;
				DEBUG_INFORMATION_FORMAT = dwarf;
				ENABLE_STRICT_OBJC_MSGSEND = YES;
				ENABLE_TESTABILITY = YES;
				GCC_C_LANGUAGE_STANDARD = gnu99;
				GCC_DYNAMIC_NO_PIC = NO;
				GCC_NO_COMMON_BLOCKS = YES;
				GCC_OPTIMIZATION_LEVEL = 0;
				GCC_PREPROCESSOR_DEFINITIONS = (
					"DEBUG=1",
					"$(inherited)",
				);
				GCC_WARN_64_TO_32_BIT_CONVERSION = YES;
				GCC_WARN_ABOUT_RETURN_TYPE = YES_ERROR;
				GCC_WARN_UNDECLARED_SELECTOR = YES;
				GCC_WARN_UNINITIALIZED_AUTOS = YES_AGGRESSIVE;
				GCC_WARN_UNUSED_FUNCTION = YES;
				GCC_WARN_UNUSED_VARIABLE = YES;
				IPHONEOS_DEPLOYMENT_TARGET = 10.0;
				MTL_ENABLE_DEBUG_INFO = YES;
				ONLY_ACTIVE_ARCH = YES;
				SDKROOT = iphoneos;
				SWIFT_ACTIVE_COMPILATION_CONDITIONS = DEBUG;
				SWIFT_OPTIMIZATION_LEVEL = "-Onone";
				TARGETED_DEVICE_FAMILY = "1,2";
			};
			name = Debug;
		};
		5808AFB11DA04886001AEA61 /* Release */ = {
			isa = XCBuildConfiguration;
			buildSettings = {
				ALWAYS_SEARCH_USER_PATHS = NO;
				CLANG_ANALYZER_NONNULL = YES;
				CLANG_CXX_LANGUAGE_STANDARD = "gnu++0x";
				CLANG_CXX_LIBRARY = "libc++";
				CLANG_ENABLE_MODULES = YES;
				CLANG_ENABLE_OBJC_ARC = YES;
				CLANG_WARN_BOOL_CONVERSION = YES;
				CLANG_WARN_CONSTANT_CONVERSION = YES;
				CLANG_WARN_DIRECT_OBJC_ISA_USAGE = YES_ERROR;
				CLANG_WARN_DOCUMENTATION_COMMENTS = YES;
				CLANG_WARN_EMPTY_BODY = YES;
				CLANG_WARN_ENUM_CONVERSION = YES;
				CLANG_WARN_INFINITE_RECURSION = YES;
				CLANG_WARN_INT_CONVERSION = YES;
				CLANG_WARN_OBJC_ROOT_CLASS = YES_ERROR;
				CLANG_WARN_SUSPICIOUS_MOVES = YES;
				CLANG_WARN_UNREACHABLE_CODE = YES;
				CLANG_WARN__DUPLICATE_METHOD_MATCH = YES;
				"CODE_SIGN_IDENTITY[sdk=iphoneos*]" = "iPhone Developer";
				COPY_PHASE_STRIP = NO;
				DEBUG_INFORMATION_FORMAT = "dwarf-with-dsym";
				ENABLE_NS_ASSERTIONS = NO;
				ENABLE_STRICT_OBJC_MSGSEND = YES;
				GCC_C_LANGUAGE_STANDARD = gnu99;
				GCC_NO_COMMON_BLOCKS = YES;
				GCC_WARN_64_TO_32_BIT_CONVERSION = YES;
				GCC_WARN_ABOUT_RETURN_TYPE = YES_ERROR;
				GCC_WARN_UNDECLARED_SELECTOR = YES;
				GCC_WARN_UNINITIALIZED_AUTOS = YES_AGGRESSIVE;
				GCC_WARN_UNUSED_FUNCTION = YES;
				GCC_WARN_UNUSED_VARIABLE = YES;
				IPHONEOS_DEPLOYMENT_TARGET = 10.0;
				MTL_ENABLE_DEBUG_INFO = NO;
				SDKROOT = iphoneos;
				SWIFT_OPTIMIZATION_LEVEL = "-Owholemodule";
				TARGETED_DEVICE_FAMILY = "1,2";
				VALIDATE_PRODUCT = YES;
			};
			name = Release;
		};
		5808AFB31DA04886001AEA61 /* Debug */ = {
			isa = XCBuildConfiguration;
			buildSettings = {
				ASSETCATALOG_COMPILER_APPICON_NAME = AppIcon;
				DEVELOPMENT_TEAM = XD7G54ZSZ3;
				INFOPLIST_FILE = showcase/Info.plist;
				LD_RUNPATH_SEARCH_PATHS = "$(inherited) @executable_path/Frameworks";
				PRODUCT_BUNDLE_IDENTIFIER = com.rm.showcase;
				PRODUCT_NAME = "$(TARGET_NAME)";
				SWIFT_VERSION = 3.0;
			};
			name = Debug;
		};
		5808AFB41DA04886001AEA61 /* Release */ = {
			isa = XCBuildConfiguration;
			buildSettings = {
				ASSETCATALOG_COMPILER_APPICON_NAME = AppIcon;
				DEVELOPMENT_TEAM = XD7G54ZSZ3;
				INFOPLIST_FILE = showcase/Info.plist;
				LD_RUNPATH_SEARCH_PATHS = "$(inherited) @executable_path/Frameworks";
				PRODUCT_BUNDLE_IDENTIFIER = com.rm.showcase;
				PRODUCT_NAME = "$(TARGET_NAME)";
				SWIFT_VERSION = 3.0;
			};
			name = Release;
		};
/* End XCBuildConfiguration section */

/* Begin XCConfigurationList section */
		5808AF981DA04886001AEA61 /* Build configuration list for PBXProject "showcase" */ = {
			isa = XCConfigurationList;
			buildConfigurations = (
				5808AFB01DA04886001AEA61 /* Debug */,
				5808AFB11DA04886001AEA61 /* Release */,
			);
			defaultConfigurationIsVisible = 0;
			defaultConfigurationName = Release;
		};
		5808AFB21DA04886001AEA61 /* Build configuration list for PBXNativeTarget "showcase" */ = {
			isa = XCConfigurationList;
			buildConfigurations = (
				5808AFB31DA04886001AEA61 /* Debug */,
				5808AFB41DA04886001AEA61 /* Release */,
			);
			defaultConfigurationIsVisible = 0;
			defaultConfigurationName = Release;
		};
/* End XCConfigurationList section */

/* Begin XCVersionGroup section */
		5808AFA71DA04886001AEA61 /* showcase.xcdatamodeld */ = {
			isa = XCVersionGroup;
			children = (
				5808AFA81DA04886001AEA61 /* showcase.xcdatamodel */,
			);
			currentVersion = 5808AFA81DA04886001AEA61 /* showcase.xcdatamodel */;
			path = showcase.xcdatamodeld;
			sourceTree = "<group>";
			versionGroupType = wrapper.xcdatamodel;
		};
/* End XCVersionGroup section */
	};
	rootObject = 5808AF951DA04886001AEA61 /* Project object */;
}
